
Microsoft Visual Studio Solution File, Format Version 12.00
# Visual Studio Version 16
VisualStudioVersion = 16.0.31229.75
MinimumVisualStudioVersion = 10.0.40219.1
Project("{8BC9CEB8-8B4A-11D0-8D11-00A0C91BC942}") = "LAB12_1", "LAB12_1\LAB12_1.vcxproj", "{E08434DC-285C-489A-BFD7-5C05E8F57A00}"
EndProject
Project("{8BC9CEB8-8B4A-11D0-8D11-00A0C91BC942}") = "LAB12_2", "LAB12_2\LAB12_2.vcxproj", "{0297789F-E289-4A44-ADD3-F7418E1728D9}"
EndProject
Project("{8BC9CEB8-8B4A-11D0-8D11-00A0C91BC942}") = "LAB12_3", "LAB12_3\LAB12_3.vcxproj", "{A8393145-5109-49AD-9779-BD3BA5D0ACA8}"
EndProject
Project("{8BC9CEB8-8B4A-11D0-8D11-00A0C91BC942}") = "LAB12_4", "LAB12_4\LAB12_4.vcxproj", "{9F8822D9-58FB-4630-854F-13B7D8FA7695}"
EndProject
Project("{8BC9CEB8-8B4A-11D0-8D11-00A0C91BC942}") = "HW12_1", "HW12_1\HW12_1.vcxproj", "{C6630787-27CA-4E34-9EBE-A333F2777F28}"
EndProject
Project("{8BC9CEB8-8B4A-11D0-8D11-00A0C91BC942}") = "HW12_2", "HW12_2\HW12_2.vcxproj", "{8799D91F-073D-463C-9C5B-155F53295982}"
EndProject
Project("{8BC9CEB8-8B4A-11D0-8D11-00A0C91BC942}") = "HW12_3", "HW12_3\HW12_3.vcxproj", "{C66EBF13-5B25-496B-B781-932E72D2D335}"
EndProject
Global
	GlobalSection(SolutionConfigurationPlatforms) = preSolution
		Debug|x64 = Debug|x64
		Debug|x86 = Debug|x86
		Release|x64 = Release|x64
		Release|x86 = Release|x86
	EndGlobalSection
	GlobalSection(ProjectConfigurationPlatforms) = postSolution
		{E08434DC-285C-489A-BFD7-5C05E8F57A00}.Debug|x64.ActiveCfg = Debug|x64
		{E08434DC-285C-489A-BFD7-5C05E8F57A00}.Debug|x64.Build.0 = Debug|x64
		{E08434DC-285C-489A-BFD7-5C05E8F57A00}.Debug|x86.ActiveCfg = Debug|Win32
		{E08434DC-285C-489A-BFD7-5C05E8F57A00}.Debug|x86.Build.0 = Debug|Win32
		{E08434DC-285C-489A-BFD7-5C05E8F57A00}.Release|x64.ActiveCfg = Release|x64
		{E08434DC-285C-489A-BFD7-5C05E8F57A00}.Release|x64.Build.0 = Release|x64
		{E08434DC-285C-489A-BFD7-5C05E8F57A00}.Release|x86.ActiveCfg = Release|Win32
		{E08434DC-285C-489A-BFD7-5C05E8F57A00}.Release|x86.Build.0 = Release|Win32
		{0297789F-E289-4A44-ADD3-F7418E1728D9}.Debug|x64.ActiveCfg = Debug|x64
		{0297789F-E289-4A44-ADD3-F7418E1728D9}.Debug|x64.Build.0 = Debug|x64
		{0297789F-E289-4A44-ADD3-F7418E1728D9}.Debug|x86.ActiveCfg = Debug|Win32
		{0297789F-E289-4A44-ADD3-F7418E1728D9}.Debug|x86.Build.0 = Debug|Win32
		{0297789F-E289-4A44-ADD3-F7418E1728D9}.Release|x64.ActiveCfg = Release|x64
		{0297789F-E289-4A44-ADD3-F7418E1728D9}.Release|x64.Build.0 = Release|x64
		{0297789F-E289-4A44-ADD3-F7418E1728D9}.Release|x86.ActiveCfg = Release|Win32
		{0297789F-E289-4A44-ADD3-F7418E1728D9}.Release|x86.Build.0 = Release|Win32
		{A8393145-5109-49AD-9779-BD3BA5D0ACA8}.Debug|x64.ActiveCfg = Debug|x64
		{A8393145-5109-49AD-9779-BD3BA5D0ACA8}.Debug|x64.Build.0 = Debug|x64
		{A8393145-5109-49AD-9779-BD3BA5D0ACA8}.Debug|x86.ActiveCfg = Debug|Win32
		{A8393145-5109-49AD-9779-BD3BA5D0ACA8}.Debug|x86.Build.0 = Debug|Win32
		{A8393145-5109-49AD-9779-BD3BA5D0ACA8}.Release|x64.ActiveCfg = Release|x64
		{A8393145-5109-49AD-9779-BD3BA5D0ACA8}.Release|x64.Build.0 = Release|x64
		{A8393145-5109-49AD-9779-BD3BA5D0ACA8}.Release|x86.ActiveCfg = Release|Win32
		{A8393145-5109-49AD-9779-BD3BA5D0ACA8}.Release|x86.Build.0 = Release|Win32
		{9F8822D9-58FB-4630-854F-13B7D8FA7695}.Debug|x64.ActiveCfg = Debug|x64
		{9F8822D9-58FB-4630-854F-13B7D8FA7695}.Debug|x64.Build.0 = Debug|x64
		{9F8822D9-58FB-4630-854F-13B7D8FA7695}.Debug|x86.ActiveCfg = Debug|Win32
		{9F8822D9-58FB-4630-854F-13B7D8FA7695}.Debug|x86.Build.0 = Debug|Win32
		{9F8822D9-58FB-4630-854F-13B7D8FA7695}.Release|x64.ActiveCfg = Release|x64
		{9F8822D9-58FB-4630-854F-13B7D8FA7695}.Release|x64.Build.0 = Release|x64
		{9F8822D9-58FB-4630-854F-13B7D8FA7695}.Release|x86.ActiveCfg = Release|Win32
		{9F8822D9-58FB-4630-854F-13B7D8FA7695}.Release|x86.Build.0 = Release|Win32
		{C6630787-27CA-4E34-9EBE-A333F2777F28}.Debug|x64.ActiveCfg = Debug|x64
		{C6630787-27CA-4E34-9EBE-A333F2777F28}.Debug|x64.Build.0 = Debug|x64
		{C6630787-27CA-4E34-9EBE-A333F2777F28}.Debug|x86.ActiveCfg = Debug|Win32
		{C6630787-27CA-4E34-9EBE-A333F2777F28}.Debug|x86.Build.0 = Debug|Win32
		{C6630787-27CA-4E34-9EBE-A333F2777F28}.Release|x64.ActiveCfg = Release|x64
		{C6630787-27CA-4E34-9EBE-A333F2777F28}.Release|x64.Build.0 = Release|x64
		{C6630787-27CA-4E34-9EBE-A333F2777F28}.Release|x86.ActiveCfg = Release|Win32
		{C6630787-27CA-4E34-9EBE-A333F2777F28}.Release|x86.Build.0 = Release|Win32
		{8799D91F-073D-463C-9C5B-155F53295982}.Debug|x64.ActiveCfg = Debug|x64
		{8799D91F-073D-463C-9C5B-155F53295982}.Debug|x64.Build.0 = Debug|x64
		{8799D91F-073D-463C-9C5B-155F53295982}.Debug|x86.ActiveCfg = Debug|Win32
		{8799D91F-073D-463C-9C5B-155F53295982}.Debug|x86.Build.0 = Debug|Win32
		{8799D91F-073D-463C-9C5B-155F53295982}.Release|x64.ActiveCfg = Release|x64
		{8799D91F-073D-463C-9C5B-155F53295982}.Release|x64.Build.0 = Release|x64
		{8799D91F-073D-463C-9C5B-155F53295982}.Release|x86.ActiveCfg = Release|Win32
		{8799D91F-073D-463C-9C5B-155F53295982}.Release|x86.Build.0 = Release|Win32
		{C66EBF13-5B25-496B-B781-932E72D2D335}.Debug|x64.ActiveCfg = Debug|x64
		{C66EBF13-5B25-496B-B781-932E72D2D335}.Debug|x64.Build.0 = Debug|x64
		{C66EBF13-5B25-496B-B781-932E72D2D335}.Debug|x86.ActiveCfg = Debug|Win32
		{C66EBF13-5B25-496B-B781-932E72D2D335}.Debug|x86.Build.0 = Debug|Win32
		{C66EBF13-5B25-496B-B781-932E72D2D335}.Release|x64.ActiveCfg = Release|x64
		{C66EBF13-5B25-496B-B781-932E72D2D335}.Release|x64.Build.0 = Release|x64
		{C66EBF13-5B25-496B-B781-932E72D2D335}.Release|x86.ActiveCfg = Release|Win32
		{C66EBF13-5B25-496B-B781-932E72D2D335}.Release|x86.Build.0 = Release|Win32
	EndGlobalSection
	GlobalSection(SolutionProperties) = preSolution
		HideSolutionNode = FALSE
	EndGlobalSection
	GlobalSection(ExtensibilityGlobals) = postSolution
		SolutionGuid = {C157B5BB-139E-4D76-807B-95B78FD62341}
	EndGlobalSection
EndGlobal
